{
    "name": "@euglena/organelle.net-server.nodejs",
    "version": "1.4.11",
    "lockfileVersion": 1,
    "requires": true,
    "dependencies": {
        "@euglena/core": {
            "version": "1.2.14",
            "resolved": "https://registry.npmjs.org/@euglena/core/-/core-1.2.14.tgz",
            "integrity": "sha512-UQquRtbYLeFO1/jszaLlwTCPo1jWnlAq0bSyh2wQ/IwK3HqKQiXqCLTaVssyMs7MZViGOk+X33FBy5PY42ZGCQ==",
            "dev": true,
            "requires": {
                "cessnalib": "^0.9.0"
            }
        },
        "cessnalib": {
            "version": "0.9.0",
            "resolved": "https://registry.npmjs.org/cessnalib/-/cessnalib-0.9.0.tgz",
            "integrity": "sha512-uVXvLrBibZHYQVI9da34tcqFKyRldFMX8pR3nUI2Z2tRNq70sA5AwgwocmOgJJnHpjOWSu/a9gP/sZGy658u5Q==",
            "requires": {
                "sift": "^3.3.5"
            }
        },
        "sift": {
            "version": "3.3.12",
            "resolved": "https://registry.npmjs.org/sift/-/sift-3.3.12.tgz",
            "integrity": "sha1-T1zfFq89syr6BKslKXsOIK2YKUo="
        }
    }
}
