# THIS IS AN AUTOGENERATED FILE. DO NOT EDIT THIS FILE DIRECTLY.
# yarn lockfile v1


"@types/node@*":
  version "12.7.8"
  resolved "https://registry.yarnpkg.com/@types/node/-/node-12.7.8.tgz#cb1bf6800238898bc2ff6ffa5702c3cadd350708"
  integrity sha512-FMdVn84tJJdV+xe+53sYiZS4R5yn1mAIxfj+DVoNiQjTYz1+OYmjwEZr1ev9nU0axXwda0QDbYl06QHanRVH3A==

"@types/uuid@^3.4.5":
  version "3.4.5"
  resolved "https://registry.yarnpkg.com/@types/uuid/-/uuid-3.4.5.tgz#d4dc10785b497a1474eae0ba7f0cb09c0ddfd6eb"
  integrity sha512-MNL15wC3EKyw1VLF+RoVO4hJJdk9t/Hlv3rt1OL65Qvuadm4BYo6g9ZJQqoq7X8NBFSsQXgAujWciovh2lpVjA==
  dependencies:
    "@types/node" "*"

cessnalib@^0.9.0:
  version "0.9.0"
  resolved "https://registry.yarnpkg.com/cessnalib/-/cessnalib-0.9.0.tgz#0469ed2183687defbb9911959dd3107d8bc64dbc"
  integrity sha512-uVXvLrBibZHYQVI9da34tcqFKyRldFMX8pR3nUI2Z2tRNq70sA5AwgwocmOgJJnHpjOWSu/a9gP/sZGy658u5Q==
  dependencies:
    sift "^3.3.5"

sift@^3.3.5:
  version "3.3.12"
  resolved "https://registry.yarnpkg.com/sift/-/sift-3.3.12.tgz#4f5cdf16af3db32afa04ab25297b0e20ad98294a"
  integrity sha1-T1zfFq89syr6BKslKXsOIK2YKUo=

typescript@^3.6.3:
  version "3.6.3"
  resolved "https://registry.yarnpkg.com/typescript/-/typescript-3.6.3.tgz#fea942fabb20f7e1ca7164ff626f1a9f3f70b4da"
  integrity sha512-N7bceJL1CtRQ2RiG0AQME13ksR7DiuQh/QehubYcghzv20tnh+MQnQIuJddTmsbqYj+dztchykemz0zFzlvdQw==

uuid@3.3.2:
  version "3.3.2"
  resolved "https://registry.yarnpkg.com/uuid/-/uuid-3.3.2.tgz#1b4af4955eb3077c501c23872fc6513811587131"
  integrity sha512-yXJmeNaw3DnnKAOKJE51sL/ZaYfWJRl1pK9dr19YFCu0ObS231AB1/LbqTKRAQ5kw8A90rA6fr4riOUpTZvQZA==
