# THIS IS AN AUTOGENERATED FILE. DO NOT EDIT THIS FILE DIRECTLY.
# yarn lockfile v1


"@euglena/core@^2.5.0":
  version "2.5.0"
  resolved "https://registry.yarnpkg.com/@euglena/core/-/core-2.5.0.tgz#721c0d7fa3789770492386fe6b12e3015b04891c"
  integrity sha512-YP1CP6e/ffONJDVXuDONqps3IPDWgaMIppj4RH0R0bpWRSH2iIO2b3JU5V+t9L02yeT0S3xHZG2CKNsyFrzxrg==
  dependencies:
    cessnalib "^0.14.0"

"@euglena/organelle.logger.console@^2.5.0":
  version "2.5.0"
  resolved "https://registry.yarnpkg.com/@euglena/organelle.logger.console/-/organelle.logger.console-2.5.0.tgz#7a5cffccfbb23d0c82a7645488828f4768260f0a"
  integrity sha512-uDyRljMvrpD8d2wmDFsQvpiFlXXuOGGnnGPiEGp16/qUb/V97glEgT9YOPdsZ0tDdFtUZpksbrrfL7gfe6OaeA==
  dependencies:
    cessnalib "^0.14.0"
    moment "^2.24.0"

"@euglena/organelle.nucleus.js@^2.5.0":
  version "2.5.0"
  resolved "https://registry.yarnpkg.com/@euglena/organelle.nucleus.js/-/organelle.nucleus.js-2.5.0.tgz#6c761fad21e1523600b7174a01d902c59cc59d1f"
  integrity sha512-o56FJyw4VzOq+FmRAnTCrtTbAYC7t7brVpii75XR4Fr6oep3sXCvevOU97r8IM+VA3vZo6yrj7hppuW4KVQUWw==
  dependencies:
    cessnalib "^0.14.0"
    moment "^2.24.0"

"@euglena/organelle.vacuole.js@^2.5.0":
  version "2.5.0"
  resolved "https://registry.yarnpkg.com/@euglena/organelle.vacuole.js/-/organelle.vacuole.js-2.5.0.tgz#cdf8cdb9855c8c12c170c00622dac9d686fd7af9"
  integrity sha512-vnpAvoqTEQ5d5bDxNTOGiB8PrjiR6THYqw7QGiIpsbUJT4UOF6+ufQqZkLkFUsUvVZfXb7hWNHucNguZSoBMVw==
  dependencies:
    cessnalib "^0.14.0"

"@euglena/template@^2.5.0":
  version "2.5.0"
  resolved "https://registry.yarnpkg.com/@euglena/template/-/template-2.5.0.tgz#77aa7a3d30123a2401dd2994dcb2b519b0e024c4"
  integrity sha512-J6FqC1Nqcls/S64bhn6hOD+FSW+H7gqja8qP5KPlciuCNhsY96CIPG+CttIg1LzPlPDkfB1k8BZVPTySO5hJpw==
  dependencies:
    "@euglena/core" "^2.5.0"
    cessnalib "^0.14.0"

cessnalib@^0.14.0:
  version "0.14.0"
  resolved "https://registry.yarnpkg.com/cessnalib/-/cessnalib-0.14.0.tgz#52c8357f1d9a833cbfa05f771a179d51291d8842"
  integrity sha512-WKWG+3xAzJSl+L+NkyRdj2G3XXEIuMpN3O6o4syhcXP3RBGWA5F4kZNHSjdw4ll/fJ8Kqz90y3+xT5W/KU+A/A==
  dependencies:
    sift "^3.3.5"

cessnalib@^0.15.0:
  version "0.15.0"
  resolved "https://registry.yarnpkg.com/cessnalib/-/cessnalib-0.15.0.tgz#26c2f007a8bc421a87d9b53987e30d452e55481c"
  integrity sha512-RWjSPJ4yfEp1YCcY7gj7vOp+UML55gy04lD/I1N5CbwY0QqS1yj5CtswWjn+iXV2TYgyhs8gBE7Ovl+emJB9Xg==
  dependencies:
    sift "^3.3.5"

moment@^2.24.0:
  version "2.29.4"
  resolved "https://registry.yarnpkg.com/moment/-/moment-2.29.4.tgz#3dbe052889fe7c1b2ed966fcb3a77328964ef108"
  integrity sha512-5LC9SOxjSc2HF6vO2CyuTDNivEdoz2IvyJJGj6X8DJ0eFyfszE0QiEd+iXmBvUP3WHxSjFH/vIsA0EN00cgr8w==

sift@^3.3.5:
  version "3.3.12"
  resolved "https://registry.yarnpkg.com/sift/-/sift-3.3.12.tgz#4f5cdf16af3db32afa04ab25297b0e20ad98294a"
  integrity sha512-Sn1XNVAlP5w7BJVk3IPM9Mz3PKf9XDasMTFF++5Z8ThPVRVvmJL5s4QGbLxKvOe1O77caevcwEyuBU3k1jF/hw==

typescript@^4.9.3:
  version "4.9.3"
  resolved "https://registry.yarnpkg.com/typescript/-/typescript-4.9.3.tgz#3aea307c1746b8c384435d8ac36b8a2e580d85db"
  integrity sha512-CIfGzTelbKNEnLpLdGFgdyKhG23CKdKgQPOBc+OUNrkJ2vr+KSzsSV5kq5iWhEQbok+quxgGzrAtGWCyU7tHnA==
