# THIS IS AN AUTOGENERATED FILE. DO NOT EDIT THIS FILE DIRECTLY.
# yarn lockfile v1


"@euglena/core@^2.4.0":
  version "2.4.0"
  resolved "https://registry.yarnpkg.com/@euglena/core/-/core-2.4.0.tgz#6b4af4cb63971777996b411b8e169d4ae75a7f63"
  integrity sha512-sTxsELy6WIINnlQM7CWbJgB77YSkg+tdZELJxD0kbq4sjKxt+6D041irN19gphudGPDsLxiVvkwZWH4/uAnuNg==
  dependencies:
    cessnalib "^0.14.0"

"@euglena/organelle.logger.console@^2.4.0":
  version "2.4.0"
  resolved "https://registry.yarnpkg.com/@euglena/organelle.logger.console/-/organelle.logger.console-2.4.0.tgz#7f1663edc723d8d3b340752440aa609605f9bd4b"
  integrity sha512-cLfZ8XqvLAbZ/1mRbUUabTX/PiuKGAppbMCexaiov8FrdHsn71HZhVkzI4SymhmH/W4xU6wTdlWSUp+pD7gBbQ==
  dependencies:
    cessnalib "^0.14.0"
    moment "^2.24.0"

"@euglena/organelle.vacuole.js@^2.4.0":
  version "2.4.0"
  resolved "https://registry.yarnpkg.com/@euglena/organelle.vacuole.js/-/organelle.vacuole.js-2.4.0.tgz#8c0186eb92ae5053f6fba838a3995bed692adbf3"
  integrity sha512-I51F+6g6rk2q75gEGah6RHbhPTc608B1bOztbOvUit+RrtPiWfVsIm3zAmaBGv4wpC42daNQqYoxApliDOYhew==
  dependencies:
    cessnalib "^0.14.0"

"@euglena/template@^2.4.0":
  version "2.4.0"
  resolved "https://registry.yarnpkg.com/@euglena/template/-/template-2.4.0.tgz#441e1ff2365ed980f59f8183994a4a426d074116"
  integrity sha512-E4vkBiWPhD9uzThKbeLV19EfZKvnMNaLQwwfFMZPYLGTQ4ASAp3WDmfXFjr72zGOKOmEIV2/1+CcY3AoEL3B4g==
  dependencies:
    cessnalib "^0.14.0"

cessnalib@^0.14.0:
  version "0.14.0"
  resolved "https://registry.yarnpkg.com/cessnalib/-/cessnalib-0.14.0.tgz#52c8357f1d9a833cbfa05f771a179d51291d8842"
  integrity sha512-WKWG+3xAzJSl+L+NkyRdj2G3XXEIuMpN3O6o4syhcXP3RBGWA5F4kZNHSjdw4ll/fJ8Kqz90y3+xT5W/KU+A/A==
  dependencies:
    sift "^3.3.5"

moment@^2.24.0:
  version "2.29.4"
  resolved "https://registry.yarnpkg.com/moment/-/moment-2.29.4.tgz#3dbe052889fe7c1b2ed966fcb3a77328964ef108"
  integrity sha512-5LC9SOxjSc2HF6vO2CyuTDNivEdoz2IvyJJGj6X8DJ0eFyfszE0QiEd+iXmBvUP3WHxSjFH/vIsA0EN00cgr8w==

sift@^3.3.5:
  version "3.3.12"
  resolved "https://registry.yarnpkg.com/sift/-/sift-3.3.12.tgz#4f5cdf16af3db32afa04ab25297b0e20ad98294a"
  integrity sha512-Sn1XNVAlP5w7BJVk3IPM9Mz3PKf9XDasMTFF++5Z8ThPVRVvmJL5s4QGbLxKvOe1O77caevcwEyuBU3k1jF/hw==

typescript@^4.7.4:
  version "4.9.3"
  resolved "https://registry.yarnpkg.com/typescript/-/typescript-4.9.3.tgz#3aea307c1746b8c384435d8ac36b8a2e580d85db"
  integrity sha512-CIfGzTelbKNEnLpLdGFgdyKhG23CKdKgQPOBc+OUNrkJ2vr+KSzsSV5kq5iWhEQbok+quxgGzrAtGWCyU7tHnA==
