# THIS IS AN AUTOGENERATED FILE. DO NOT EDIT THIS FILE DIRECTLY.
# yarn lockfile v1


"@euglena/core@^3.0.3":
  version "3.0.3"
  resolved "https://registry.yarnpkg.com/@euglena/core/-/core-3.0.3.tgz#c424e7a826d1712957c14d4e52d1919f0c6b7353"
  integrity sha512-fJeyWPvP81Ke0nnZIL0P3knfVTFHMt1a1RdSdPchwQ3pf5E8U+luZCdwFAncSX0k1xwJ8AlDffoMT5yOnwk9iQ==
  dependencies:
    cessnalib "^0.16.0"

"@euglena/organelle.endoplasmic-reticulum.js@^3.0.3":
  version "3.0.3"
  resolved "https://registry.yarnpkg.com/@euglena/organelle.endoplasmic-reticulum.js/-/organelle.endoplasmic-reticulum.js-3.0.3.tgz#1e16f7b78c9228d2a16f23c0bdf0d23cf9ebfc53"
  integrity sha512-RT62QOuQOMkpZK3HiPDBPq3bXRUSPCjM6jq8n+DtCfKVBNqI6m5guueWjT8e7kZBLep1pdu+rWZc11gLJkPN1w==
  dependencies:
    cessnalib "^0.16.0"
    moment "^2.24.0"

"@euglena/organelle.logger.console@^3.0.3":
  version "3.0.3"
  resolved "https://registry.yarnpkg.com/@euglena/organelle.logger.console/-/organelle.logger.console-3.0.3.tgz#6e0e0d84258168c3b3f829ade6a3e8e97877a91a"
  integrity sha512-OJtiJ0ufeZKX139zSa38D6lZl2MG61f/luSiJIlaDLdSwHKXsi0CDDqTe1xk3DwT2kx5FzwEBmp1m49bXKUtnA==
  dependencies:
    cessnalib "^0.16.0"
    moment "^2.24.0"

"@euglena/organelle.nucleus.js@^3.0.3":
  version "3.0.3"
  resolved "https://registry.yarnpkg.com/@euglena/organelle.nucleus.js/-/organelle.nucleus.js-3.0.3.tgz#b5c42e7de1066e8cb2e552989b990d9054a5207c"
  integrity sha512-VezUr66IjWNf1aD6XR5jzcEzMhKTGMyxsnz5wJDkJ51FkoJHYJlnv0/NKgOukADuoIot3YS0nG9jnQcBHRY+JA==
  dependencies:
    cessnalib "^0.16.0"
    moment "^2.24.0"

"@euglena/organelle.vacuole.js@^3.0.3":
  version "3.0.3"
  resolved "https://registry.yarnpkg.com/@euglena/organelle.vacuole.js/-/organelle.vacuole.js-3.0.3.tgz#9e3a4b7a3ec8cea167c161b3210e372c6fb72a26"
  integrity sha512-aWzTKNgiA/E9vIuotC40Gn6VVkX2irqgdofIHa0mIGlruyZjjwx2Z+2N+U1gISiHSlX4SSEbF1qEVdfBwtCa7w==
  dependencies:
    cessnalib "^0.16.0"

"@euglena/template@^3.0.3":
  version "3.0.3"
  resolved "https://registry.yarnpkg.com/@euglena/template/-/template-3.0.3.tgz#fb20d988f4f024cf195b6707af3127e7e2e1f2b2"
  integrity sha512-/ZSKKyQOuuB7Xl9859C8CxTjTObE6Gq0gV1bhspBH87l7spJ4XP17PzI9foJxxmtbFgKJk0vkNwJ1w61ZeGyWg==
  dependencies:
    "@euglena/core" "^3.0.3"
    cessnalib "^0.16.0"

cessnalib@^0.16.0:
  version "0.16.0"
  resolved "https://registry.yarnpkg.com/cessnalib/-/cessnalib-0.16.0.tgz#768df978437328600c03eff94ec41ab8c5e4ce79"
  integrity sha512-bAr8CSvRZgxlP7h9m+lcyaL3OOscqhTf4hBzYtl0PeMj9xT3+G7MNVOMNMqFzWzL8wcRoqMn5NbOe5hUklh1Uw==
  dependencies:
    sift "^3.3.5"

moment@^2.24.0:
  version "2.29.4"
  resolved "https://registry.yarnpkg.com/moment/-/moment-2.29.4.tgz#3dbe052889fe7c1b2ed966fcb3a77328964ef108"
  integrity sha512-5LC9SOxjSc2HF6vO2CyuTDNivEdoz2IvyJJGj6X8DJ0eFyfszE0QiEd+iXmBvUP3WHxSjFH/vIsA0EN00cgr8w==

sift@^3.3.5:
  version "3.3.12"
  resolved "https://registry.yarnpkg.com/sift/-/sift-3.3.12.tgz#4f5cdf16af3db32afa04ab25297b0e20ad98294a"
  integrity sha512-Sn1XNVAlP5w7BJVk3IPM9Mz3PKf9XDasMTFF++5Z8ThPVRVvmJL5s4QGbLxKvOe1O77caevcwEyuBU3k1jF/hw==

typescript@^4.9.4:
  version "4.9.4"
  resolved "https://registry.yarnpkg.com/typescript/-/typescript-4.9.4.tgz#a2a3d2756c079abda241d75f149df9d561091e78"
  integrity sha512-Uz+dTXYzxXXbsFpM86Wh3dKCxrQqUcVMxwU54orwlJjOpO3ao8L7j5lH+dWfTwgCwIuM9GQ2kvVotzYJMXTBZg==
